
Microsoft Visual Studio Solution File, Format Version 12.00
# Visual Studio 15
Project("{FAE04EC0-301F-11D3-BF4B-00C04F79EFBC}") = "GeonBit.UI", "GeonBit.UI\GeonBit.UI.csproj", "{54A3D8A4-8A05-4F43-88B4-ABA204E0BA7F}"
EndProject
Project("{FAE04EC0-301F-11D3-BF4B-00C04F79EFBC}") = "DataTypes.Core", "DataTypes.Core\DataTypes.Core.csproj", "{15DBA7F2-77F8-433F-8291-09E9D2170885}"
EndProject
Project("{FAE04EC0-301F-11D3-BF4B-00C04F79EFBC}") = "SpriteFontPlus.MonoGame", "..\SpriteFontPlus\src\SpriteFontPlus.MonoGame.csproj", "{0EDB0ABA-AE38-4792-BC7F-9178894DA160}"
EndProject
Global
	GlobalSection(SolutionConfigurationPlatforms) = preSolution
		Debug|Any CPU = Debug|Any CPU
		Release|Any CPU = Release|Any CPU
	EndGlobalSection
	GlobalSection(ProjectConfigurationPlatforms) = postSolution
		{54A3D8A4-8A05-4F43-88B4-ABA204E0BA7F}.Debug|Any CPU.ActiveCfg = Debug|Any CPU
		{54A3D8A4-8A05-4F43-88B4-ABA204E0BA7F}.Debug|Any CPU.Build.0 = Debug|Any CPU
		{54A3D8A4-8A05-4F43-88B4-ABA204E0BA7F}.Release|Any CPU.ActiveCfg = Release|Any CPU
		{54A3D8A4-8A05-4F43-88B4-ABA204E0BA7F}.Release|Any CPU.Build.0 = Release|Any CPU
		{15DBA7F2-77F8-433F-8291-09E9D2170885}.Debug|Any CPU.ActiveCfg = Debug|Any CPU
		{15DBA7F2-77F8-433F-8291-09E9D2170885}.Debug|Any CPU.Build.0 = Debug|Any CPU
		{15DBA7F2-77F8-433F-8291-09E9D2170885}.Release|Any CPU.ActiveCfg = Release|Any CPU
		{15DBA7F2-77F8-433F-8291-09E9D2170885}.Release|Any CPU.Build.0 = Release|Any CPU
		{0EDB0ABA-AE38-4792-BC7F-9178894DA160}.Debug|Any CPU.ActiveCfg = Debug|Any CPU
		{0EDB0ABA-AE38-4792-BC7F-9178894DA160}.Debug|Any CPU.Build.0 = Debug|Any CPU
		{0EDB0ABA-AE38-4792-BC7F-9178894DA160}.Release|Any CPU.ActiveCfg = Release|Any CPU
		{0EDB0ABA-AE38-4792-BC7F-9178894DA160}.Release|Any CPU.Build.0 = Release|Any CPU
	EndGlobalSection
EndGlobal
