
Microsoft Visual Studio Solution File, Format Version 12.00
# Visual Studio Version 16
VisualStudioVersion = 16.0.30330.147
MinimumVisualStudioVersion = 10.0.40219.1
Project("{9A19103F-16F7-4668-BE54-9A1E7A4F7556}") = "Example1", "Example1\Example1.csproj", "{BD824DA4-2D9A-4A6F-A21D-892F9B910F26}"
EndProject
Project("{9A19103F-16F7-4668-BE54-9A1E7A4F7556}") = "GeonBit.UI.Lib", "GeonBit.UI.Lib\GeonBit.UI.Lib.csproj", "{29AC0D0B-19FE-46E8-BE28-D8777088ED38}"
EndProject
Project("{9A19103F-16F7-4668-BE54-9A1E7A4F7556}") = "DataTypes.Core", "GeonBit.UI.Lib\Libs\DataTypes.Core\DataTypes.Core.csproj", "{E5644C57-9310-4E43-9E08-732E9F736550}"
EndProject
Project("{9A19103F-16F7-4668-BE54-9A1E7A4F7556}") = "Example2", "Example2\Example2.csproj", "{21A9DD34-DEC3-4949-8B96-8210FA929FCF}"
EndProject
Project("{9A19103F-16F7-4668-BE54-9A1E7A4F7556}") = "Markdig", "..\markdig\src\Markdig\Markdig.csproj", "{43A12E35-22C7-47FD-B114-70732E56C2A3}"
EndProject
Project("{9A19103F-16F7-4668-BE54-9A1E7A4F7556}") = "HtmlAgilityPack.NETStandard2_0", "..\html-agility-pack\src\HtmlAgilityPack.NETStandard2_0\HtmlAgilityPack.NETStandard2_0.csproj", "{D83259C8-4774-4B5C-BCF9-C0ADC4327176}"
EndProject
Global
	GlobalSection(SharedMSBuildProjectFiles) = preSolution
		..\html-agility-pack\src\HtmlAgilityPack.Shared\HtmlAgilityPack.Shared.projitems*{d83259c8-4774-4b5c-bcf9-c0adc4327176}*SharedItemsImports = 5
	EndGlobalSection
	GlobalSection(SolutionConfigurationPlatforms) = preSolution
		Debug|Any CPU = Debug|Any CPU
		Debug|x64 = Debug|x64
		Debug|x86 = Debug|x86
		Release|Any CPU = Release|Any CPU
		Release|x64 = Release|x64
		Release|x86 = Release|x86
	EndGlobalSection
	GlobalSection(ProjectConfigurationPlatforms) = postSolution
		{BD824DA4-2D9A-4A6F-A21D-892F9B910F26}.Debug|Any CPU.ActiveCfg = Debug|Any CPU
		{BD824DA4-2D9A-4A6F-A21D-892F9B910F26}.Debug|Any CPU.Build.0 = Debug|Any CPU
		{BD824DA4-2D9A-4A6F-A21D-892F9B910F26}.Debug|x64.ActiveCfg = Debug|Any CPU
		{BD824DA4-2D9A-4A6F-A21D-892F9B910F26}.Debug|x64.Build.0 = Debug|Any CPU
		{BD824DA4-2D9A-4A6F-A21D-892F9B910F26}.Debug|x86.ActiveCfg = Debug|Any CPU
		{BD824DA4-2D9A-4A6F-A21D-892F9B910F26}.Debug|x86.Build.0 = Debug|Any CPU
		{BD824DA4-2D9A-4A6F-A21D-892F9B910F26}.Release|Any CPU.ActiveCfg = Release|Any CPU
		{BD824DA4-2D9A-4A6F-A21D-892F9B910F26}.Release|Any CPU.Build.0 = Release|Any CPU
		{BD824DA4-2D9A-4A6F-A21D-892F9B910F26}.Release|x64.ActiveCfg = Release|Any CPU
		{BD824DA4-2D9A-4A6F-A21D-892F9B910F26}.Release|x64.Build.0 = Release|Any CPU
		{BD824DA4-2D9A-4A6F-A21D-892F9B910F26}.Release|x86.ActiveCfg = Release|Any CPU
		{BD824DA4-2D9A-4A6F-A21D-892F9B910F26}.Release|x86.Build.0 = Release|Any CPU
		{29AC0D0B-19FE-46E8-BE28-D8777088ED38}.Debug|Any CPU.ActiveCfg = Debug|Any CPU
		{29AC0D0B-19FE-46E8-BE28-D8777088ED38}.Debug|Any CPU.Build.0 = Debug|Any CPU
		{29AC0D0B-19FE-46E8-BE28-D8777088ED38}.Debug|x64.ActiveCfg = Debug|Any CPU
		{29AC0D0B-19FE-46E8-BE28-D8777088ED38}.Debug|x64.Build.0 = Debug|Any CPU
		{29AC0D0B-19FE-46E8-BE28-D8777088ED38}.Debug|x86.ActiveCfg = Debug|Any CPU
		{29AC0D0B-19FE-46E8-BE28-D8777088ED38}.Debug|x86.Build.0 = Debug|Any CPU
		{29AC0D0B-19FE-46E8-BE28-D8777088ED38}.Release|Any CPU.ActiveCfg = Release|Any CPU
		{29AC0D0B-19FE-46E8-BE28-D8777088ED38}.Release|Any CPU.Build.0 = Release|Any CPU
		{29AC0D0B-19FE-46E8-BE28-D8777088ED38}.Release|x64.ActiveCfg = Release|Any CPU
		{29AC0D0B-19FE-46E8-BE28-D8777088ED38}.Release|x64.Build.0 = Release|Any CPU
		{29AC0D0B-19FE-46E8-BE28-D8777088ED38}.Release|x86.ActiveCfg = Release|Any CPU
		{29AC0D0B-19FE-46E8-BE28-D8777088ED38}.Release|x86.Build.0 = Release|Any CPU
		{E5644C57-9310-4E43-9E08-732E9F736550}.Debug|Any CPU.ActiveCfg = Debug|Any CPU
		{E5644C57-9310-4E43-9E08-732E9F736550}.Debug|Any CPU.Build.0 = Debug|Any CPU
		{E5644C57-9310-4E43-9E08-732E9F736550}.Debug|x64.ActiveCfg = Debug|Any CPU
		{E5644C57-9310-4E43-9E08-732E9F736550}.Debug|x64.Build.0 = Debug|Any CPU
		{E5644C57-9310-4E43-9E08-732E9F736550}.Debug|x86.ActiveCfg = Debug|Any CPU
		{E5644C57-9310-4E43-9E08-732E9F736550}.Debug|x86.Build.0 = Debug|Any CPU
		{E5644C57-9310-4E43-9E08-732E9F736550}.Release|Any CPU.ActiveCfg = Release|Any CPU
		{E5644C57-9310-4E43-9E08-732E9F736550}.Release|Any CPU.Build.0 = Release|Any CPU
		{E5644C57-9310-4E43-9E08-732E9F736550}.Release|x64.ActiveCfg = Release|Any CPU
		{E5644C57-9310-4E43-9E08-732E9F736550}.Release|x64.Build.0 = Release|Any CPU
		{E5644C57-9310-4E43-9E08-732E9F736550}.Release|x86.ActiveCfg = Release|Any CPU
		{E5644C57-9310-4E43-9E08-732E9F736550}.Release|x86.Build.0 = Release|Any CPU
		{21A9DD34-DEC3-4949-8B96-8210FA929FCF}.Debug|Any CPU.ActiveCfg = Debug|Any CPU
		{21A9DD34-DEC3-4949-8B96-8210FA929FCF}.Debug|Any CPU.Build.0 = Debug|Any CPU
		{21A9DD34-DEC3-4949-8B96-8210FA929FCF}.Debug|x64.ActiveCfg = Debug|Any CPU
		{21A9DD34-DEC3-4949-8B96-8210FA929FCF}.Debug|x64.Build.0 = Debug|Any CPU
		{21A9DD34-DEC3-4949-8B96-8210FA929FCF}.Debug|x86.ActiveCfg = Debug|Any CPU
		{21A9DD34-DEC3-4949-8B96-8210FA929FCF}.Debug|x86.Build.0 = Debug|Any CPU
		{21A9DD34-DEC3-4949-8B96-8210FA929FCF}.Release|Any CPU.ActiveCfg = Release|Any CPU
		{21A9DD34-DEC3-4949-8B96-8210FA929FCF}.Release|Any CPU.Build.0 = Release|Any CPU
		{21A9DD34-DEC3-4949-8B96-8210FA929FCF}.Release|x64.ActiveCfg = Release|Any CPU
		{21A9DD34-DEC3-4949-8B96-8210FA929FCF}.Release|x64.Build.0 = Release|Any CPU
		{21A9DD34-DEC3-4949-8B96-8210FA929FCF}.Release|x86.ActiveCfg = Release|Any CPU
		{21A9DD34-DEC3-4949-8B96-8210FA929FCF}.Release|x86.Build.0 = Release|Any CPU
		{43A12E35-22C7-47FD-B114-70732E56C2A3}.Debug|Any CPU.ActiveCfg = Debug|Any CPU
		{43A12E35-22C7-47FD-B114-70732E56C2A3}.Debug|Any CPU.Build.0 = Debug|Any CPU
		{43A12E35-22C7-47FD-B114-70732E56C2A3}.Debug|x64.ActiveCfg = Debug|Any CPU
		{43A12E35-22C7-47FD-B114-70732E56C2A3}.Debug|x64.Build.0 = Debug|Any CPU
		{43A12E35-22C7-47FD-B114-70732E56C2A3}.Debug|x86.ActiveCfg = Debug|Any CPU
		{43A12E35-22C7-47FD-B114-70732E56C2A3}.Debug|x86.Build.0 = Debug|Any CPU
		{43A12E35-22C7-47FD-B114-70732E56C2A3}.Release|Any CPU.ActiveCfg = Release|Any CPU
		{43A12E35-22C7-47FD-B114-70732E56C2A3}.Release|Any CPU.Build.0 = Release|Any CPU
		{43A12E35-22C7-47FD-B114-70732E56C2A3}.Release|x64.ActiveCfg = Release|Any CPU
		{43A12E35-22C7-47FD-B114-70732E56C2A3}.Release|x64.Build.0 = Release|Any CPU
		{43A12E35-22C7-47FD-B114-70732E56C2A3}.Release|x86.ActiveCfg = Release|Any CPU
		{43A12E35-22C7-47FD-B114-70732E56C2A3}.Release|x86.Build.0 = Release|Any CPU
		{D83259C8-4774-4B5C-BCF9-C0ADC4327176}.Debug|Any CPU.ActiveCfg = Debug|Any CPU
		{D83259C8-4774-4B5C-BCF9-C0ADC4327176}.Debug|Any CPU.Build.0 = Debug|Any CPU
		{D83259C8-4774-4B5C-BCF9-C0ADC4327176}.Debug|x64.ActiveCfg = Debug|Any CPU
		{D83259C8-4774-4B5C-BCF9-C0ADC4327176}.Debug|x64.Build.0 = Debug|Any CPU
		{D83259C8-4774-4B5C-BCF9-C0ADC4327176}.Debug|x86.ActiveCfg = Debug|Any CPU
		{D83259C8-4774-4B5C-BCF9-C0ADC4327176}.Debug|x86.Build.0 = Debug|Any CPU
		{D83259C8-4774-4B5C-BCF9-C0ADC4327176}.Release|Any CPU.ActiveCfg = Release|Any CPU
		{D83259C8-4774-4B5C-BCF9-C0ADC4327176}.Release|Any CPU.Build.0 = Release|Any CPU
		{D83259C8-4774-4B5C-BCF9-C0ADC4327176}.Release|x64.ActiveCfg = Release|Any CPU
		{D83259C8-4774-4B5C-BCF9-C0ADC4327176}.Release|x64.Build.0 = Release|Any CPU
		{D83259C8-4774-4B5C-BCF9-C0ADC4327176}.Release|x86.ActiveCfg = Release|Any CPU
		{D83259C8-4774-4B5C-BCF9-C0ADC4327176}.Release|x86.Build.0 = Release|Any CPU
	EndGlobalSection
	GlobalSection(SolutionProperties) = preSolution
		HideSolutionNode = FALSE
	EndGlobalSection
	GlobalSection(ExtensibilityGlobals) = postSolution
		SolutionGuid = {7D1DED8E-8C08-4103-A26E-A01FDBB3954B}
	EndGlobalSection
EndGlobal
